
Microsoft Visual Studio Solution File, Format Version 12.00
# Visual Studio Version 16
VisualStudioVersion = 16.0.31605.320
MinimumVisualStudioVersion = 10.0.40219.1
Project("{FAE04EC0-301F-11D3-BF4B-00C04F79EFBC}") = "네트워크_프로그래밍_베이직", "네트워크_프로그래밍_베이직\네트워크_프로그래밍_베이직.csproj", "{A7E557F9-CA20-48C3-BF94-ABFDC1D93C59}"
EndProject
Global
	GlobalSection(SolutionConfigurationPlatforms) = preSolution
		Debug|Any CPU = Debug|Any CPU
		Release|Any CPU = Release|Any CPU
	EndGlobalSection
	GlobalSection(ProjectConfigurationPlatforms) = postSolution
		{A7E557F9-CA20-48C3-BF94-ABFDC1D93C59}.Debug|Any CPU.ActiveCfg = Debug|Any CPU
		{A7E557F9-CA20-48C3-BF94-ABFDC1D93C59}.Debug|Any CPU.Build.0 = Debug|Any CPU
		{A7E557F9-CA20-48C3-BF94-ABFDC1D93C59}.Release|Any CPU.ActiveCfg = Release|Any CPU
		{A7E557F9-CA20-48C3-BF94-ABFDC1D93C59}.Release|Any CPU.Build.0 = Release|Any CPU
	EndGlobalSection
	GlobalSection(SolutionProperties) = preSolution
		HideSolutionNode = FALSE
	EndGlobalSection
	GlobalSection(ExtensibilityGlobals) = postSolution
		SolutionGuid = {3F30EA17-5A02-4D05-A0B8-1D0D1B12060D}
	EndGlobalSection
EndGlobal
